
Microsoft Visual Studio Solution File, Format Version 11.00
# Visual Studio 2010
Project("{FAE04EC0-301F-11D3-BF4B-00C04F79EFBC}") = "UI", "KinectHumanActionRecognition\UI.csproj", "{5E8612E1-AA64-4EED-9372-02FCAA2D27D9}"
EndProject
Project("{FAE04EC0-301F-11D3-BF4B-00C04F79EFBC}") = "SkeletalTracking", "SkeletalTracking\SkeletalTracking.csproj", "{EA5B13F8-230D-46AA-A0C8-8E26D8D32EE5}"
EndProject
Project("{FAE04EC0-301F-11D3-BF4B-00C04F79EFBC}") = "MatrixVector", "MatrixVector\MatrixVector.csproj", "{30B1FFF0-6B3B-4ABF-9A4B-2EA3D490E219}"
EndProject
Project("{FAE04EC0-301F-11D3-BF4B-00C04F79EFBC}") = "Core", "Core\Core.csproj", "{6D4F3972-5511-46FA-BAB1-0670C83E4C15}"
EndProject
Project("{FAE04EC0-301F-11D3-BF4B-00C04F79EFBC}") = "Utility", "Utility\Utility.csproj", "{E1499401-468A-4289-A45F-B725CAE9BE94}"
EndProject
Global
	GlobalSection(SolutionConfigurationPlatforms) = preSolution
		Debug|Any CPU = Debug|Any CPU
		Debug|Mixed Platforms = Debug|Mixed Platforms
		Debug|x86 = Debug|x86
		Release|Any CPU = Release|Any CPU
		Release|Mixed Platforms = Release|Mixed Platforms
		Release|x86 = Release|x86
	EndGlobalSection
	GlobalSection(ProjectConfigurationPlatforms) = postSolution
		{5E8612E1-AA64-4EED-9372-02FCAA2D27D9}.Debug|Any CPU.ActiveCfg = Debug|x86
		{5E8612E1-AA64-4EED-9372-02FCAA2D27D9}.Debug|Mixed Platforms.ActiveCfg = Debug|x86
		{5E8612E1-AA64-4EED-9372-02FCAA2D27D9}.Debug|Mixed Platforms.Build.0 = Debug|x86
		{5E8612E1-AA64-4EED-9372-02FCAA2D27D9}.Debug|x86.ActiveCfg = Debug|x86
		{5E8612E1-AA64-4EED-9372-02FCAA2D27D9}.Debug|x86.Build.0 = Debug|x86
		{5E8612E1-AA64-4EED-9372-02FCAA2D27D9}.Release|Any CPU.ActiveCfg = Release|x86
		{5E8612E1-AA64-4EED-9372-02FCAA2D27D9}.Release|Mixed Platforms.ActiveCfg = Release|x86
		{5E8612E1-AA64-4EED-9372-02FCAA2D27D9}.Release|Mixed Platforms.Build.0 = Release|x86
		{5E8612E1-AA64-4EED-9372-02FCAA2D27D9}.Release|x86.ActiveCfg = Release|x86
		{5E8612E1-AA64-4EED-9372-02FCAA2D27D9}.Release|x86.Build.0 = Release|x86
		{EA5B13F8-230D-46AA-A0C8-8E26D8D32EE5}.Debug|Any CPU.ActiveCfg = Debug|Any CPU
		{EA5B13F8-230D-46AA-A0C8-8E26D8D32EE5}.Debug|Any CPU.Build.0 = Debug|Any CPU
		{EA5B13F8-230D-46AA-A0C8-8E26D8D32EE5}.Debug|Mixed Platforms.ActiveCfg = Debug|Any CPU
		{EA5B13F8-230D-46AA-A0C8-8E26D8D32EE5}.Debug|Mixed Platforms.Build.0 = Debug|Any CPU
		{EA5B13F8-230D-46AA-A0C8-8E26D8D32EE5}.Debug|x86.ActiveCfg = Debug|Any CPU
		{EA5B13F8-230D-46AA-A0C8-8E26D8D32EE5}.Release|Any CPU.ActiveCfg = Release|Any CPU
		{EA5B13F8-230D-46AA-A0C8-8E26D8D32EE5}.Release|Any CPU.Build.0 = Release|Any CPU
		{EA5B13F8-230D-46AA-A0C8-8E26D8D32EE5}.Release|Mixed Platforms.ActiveCfg = Release|Any CPU
		{EA5B13F8-230D-46AA-A0C8-8E26D8D32EE5}.Release|Mixed Platforms.Build.0 = Release|Any CPU
		{EA5B13F8-230D-46AA-A0C8-8E26D8D32EE5}.Release|x86.ActiveCfg = Release|Any CPU
		{30B1FFF0-6B3B-4ABF-9A4B-2EA3D490E219}.Debug|Any CPU.ActiveCfg = Debug|Any CPU
		{30B1FFF0-6B3B-4ABF-9A4B-2EA3D490E219}.Debug|Any CPU.Build.0 = Debug|Any CPU
		{30B1FFF0-6B3B-4ABF-9A4B-2EA3D490E219}.Debug|Mixed Platforms.ActiveCfg = Debug|Any CPU
		{30B1FFF0-6B3B-4ABF-9A4B-2EA3D490E219}.Debug|Mixed Platforms.Build.0 = Debug|Any CPU
		{30B1FFF0-6B3B-4ABF-9A4B-2EA3D490E219}.Debug|x86.ActiveCfg = Debug|Any CPU
		{30B1FFF0-6B3B-4ABF-9A4B-2EA3D490E219}.Release|Any CPU.ActiveCfg = Release|Any CPU
		{30B1FFF0-6B3B-4ABF-9A4B-2EA3D490E219}.Release|Any CPU.Build.0 = Release|Any CPU
		{30B1FFF0-6B3B-4ABF-9A4B-2EA3D490E219}.Release|Mixed Platforms.ActiveCfg = Release|Any CPU
		{30B1FFF0-6B3B-4ABF-9A4B-2EA3D490E219}.Release|Mixed Platforms.Build.0 = Release|Any CPU
		{30B1FFF0-6B3B-4ABF-9A4B-2EA3D490E219}.Release|x86.ActiveCfg = Release|Any CPU
		{6D4F3972-5511-46FA-BAB1-0670C83E4C15}.Debug|Any CPU.ActiveCfg = Debug|Any CPU
		{6D4F3972-5511-46FA-BAB1-0670C83E4C15}.Debug|Any CPU.Build.0 = Debug|Any CPU
		{6D4F3972-5511-46FA-BAB1-0670C83E4C15}.Debug|Mixed Platforms.ActiveCfg = Debug|Any CPU
		{6D4F3972-5511-46FA-BAB1-0670C83E4C15}.Debug|Mixed Platforms.Build.0 = Debug|Any CPU
		{6D4F3972-5511-46FA-BAB1-0670C83E4C15}.Debug|x86.ActiveCfg = Debug|Any CPU
		{6D4F3972-5511-46FA-BAB1-0670C83E4C15}.Release|Any CPU.ActiveCfg = Release|Any CPU
		{6D4F3972-5511-46FA-BAB1-0670C83E4C15}.Release|Any CPU.Build.0 = Release|Any CPU
		{6D4F3972-5511-46FA-BAB1-0670C83E4C15}.Release|Mixed Platforms.ActiveCfg = Release|Any CPU
		{6D4F3972-5511-46FA-BAB1-0670C83E4C15}.Release|Mixed Platforms.Build.0 = Release|Any CPU
		{6D4F3972-5511-46FA-BAB1-0670C83E4C15}.Release|x86.ActiveCfg = Release|Any CPU
		{E1499401-468A-4289-A45F-B725CAE9BE94}.Debug|Any CPU.ActiveCfg = Debug|Any CPU
		{E1499401-468A-4289-A45F-B725CAE9BE94}.Debug|Any CPU.Build.0 = Debug|Any CPU
		{E1499401-468A-4289-A45F-B725CAE9BE94}.Debug|Mixed Platforms.ActiveCfg = Debug|Any CPU
		{E1499401-468A-4289-A45F-B725CAE9BE94}.Debug|Mixed Platforms.Build.0 = Debug|Any CPU
		{E1499401-468A-4289-A45F-B725CAE9BE94}.Debug|x86.ActiveCfg = Debug|Any CPU
		{E1499401-468A-4289-A45F-B725CAE9BE94}.Release|Any CPU.ActiveCfg = Release|Any CPU
		{E1499401-468A-4289-A45F-B725CAE9BE94}.Release|Any CPU.Build.0 = Release|Any CPU
		{E1499401-468A-4289-A45F-B725CAE9BE94}.Release|Mixed Platforms.ActiveCfg = Release|Any CPU
		{E1499401-468A-4289-A45F-B725CAE9BE94}.Release|Mixed Platforms.Build.0 = Release|Any CPU
		{E1499401-468A-4289-A45F-B725CAE9BE94}.Release|x86.ActiveCfg = Release|Any CPU
	EndGlobalSection
	GlobalSection(SolutionProperties) = preSolution
		HideSolutionNode = FALSE
	EndGlobalSection
EndGlobal
